
Microsoft Visual Studio Solution File, Format Version 12.00
# Visual Studio Version 16
VisualStudioVersion = 16.0.30002.166
MinimumVisualStudioVersion = 10.0.40219.1
Project("{FAE04EC0-301F-11D3-BF4B-00C04F79EFBC}") = "RESTApiExample", "RESTApiExample\RESTApiExample.csproj", "{4CFF37C5-F10D-4AF5-9B47-FAF430869720}"
EndProject
Project("{FAE04EC0-301F-11D3-BF4B-00C04F79EFBC}") = "EnglishTips", "EnglishTips\EnglishTips.csproj", "{22600C67-F8ED-4F33-A202-6723FF81AA8D}"
EndProject
Project("{FAE04EC0-301F-11D3-BF4B-00C04F79EFBC}") = "GoogleTranslateAPI", "GoogleTranslateAPI\GoogleTranslateAPI.csproj", "{4E5AFFB7-567D-4CA3-8B2C-0A4413BE4CDC}"
EndProject
Project("{FAE04EC0-301F-11D3-BF4B-00C04F79EFBC}") = "VerbsAPI", "VerbsAPI\VerbsAPI.csproj", "{3793203B-02F4-472F-B270-762397532E9B}"
EndProject
Project("{FAE04EC0-301F-11D3-BF4B-00C04F79EFBC}") = "NounsAPI", "NounsAPI\NounsAPI.csproj", "{93D3BFFC-FA4E-4AA8-A357-CAB5302C5953}"
EndProject
Global
	GlobalSection(SolutionConfigurationPlatforms) = preSolution
		Debug|Any CPU = Debug|Any CPU
		Release|Any CPU = Release|Any CPU
	EndGlobalSection
	GlobalSection(ProjectConfigurationPlatforms) = postSolution
		{4CFF37C5-F10D-4AF5-9B47-FAF430869720}.Debug|Any CPU.ActiveCfg = Debug|Any CPU
		{4CFF37C5-F10D-4AF5-9B47-FAF430869720}.Debug|Any CPU.Build.0 = Debug|Any CPU
		{4CFF37C5-F10D-4AF5-9B47-FAF430869720}.Release|Any CPU.ActiveCfg = Release|Any CPU
		{4CFF37C5-F10D-4AF5-9B47-FAF430869720}.Release|Any CPU.Build.0 = Release|Any CPU
		{22600C67-F8ED-4F33-A202-6723FF81AA8D}.Debug|Any CPU.ActiveCfg = Debug|Any CPU
		{22600C67-F8ED-4F33-A202-6723FF81AA8D}.Debug|Any CPU.Build.0 = Debug|Any CPU
		{22600C67-F8ED-4F33-A202-6723FF81AA8D}.Release|Any CPU.ActiveCfg = Release|Any CPU
		{22600C67-F8ED-4F33-A202-6723FF81AA8D}.Release|Any CPU.Build.0 = Release|Any CPU
		{4E5AFFB7-567D-4CA3-8B2C-0A4413BE4CDC}.Debug|Any CPU.ActiveCfg = Debug|Any CPU
		{4E5AFFB7-567D-4CA3-8B2C-0A4413BE4CDC}.Debug|Any CPU.Build.0 = Debug|Any CPU
		{4E5AFFB7-567D-4CA3-8B2C-0A4413BE4CDC}.Release|Any CPU.ActiveCfg = Release|Any CPU
		{4E5AFFB7-567D-4CA3-8B2C-0A4413BE4CDC}.Release|Any CPU.Build.0 = Release|Any CPU
		{3793203B-02F4-472F-B270-762397532E9B}.Debug|Any CPU.ActiveCfg = Debug|Any CPU
		{3793203B-02F4-472F-B270-762397532E9B}.Debug|Any CPU.Build.0 = Debug|Any CPU
		{3793203B-02F4-472F-B270-762397532E9B}.Release|Any CPU.ActiveCfg = Release|Any CPU
		{3793203B-02F4-472F-B270-762397532E9B}.Release|Any CPU.Build.0 = Release|Any CPU
		{93D3BFFC-FA4E-4AA8-A357-CAB5302C5953}.Debug|Any CPU.ActiveCfg = Debug|Any CPU
		{93D3BFFC-FA4E-4AA8-A357-CAB5302C5953}.Debug|Any CPU.Build.0 = Debug|Any CPU
		{93D3BFFC-FA4E-4AA8-A357-CAB5302C5953}.Release|Any CPU.ActiveCfg = Release|Any CPU
		{93D3BFFC-FA4E-4AA8-A357-CAB5302C5953}.Release|Any CPU.Build.0 = Release|Any CPU
	EndGlobalSection
	GlobalSection(SolutionProperties) = preSolution
		HideSolutionNode = FALSE
	EndGlobalSection
	GlobalSection(ExtensibilityGlobals) = postSolution
		SolutionGuid = {9F3BDAD8-2066-42E6-9A72-3F2AD4245A54}
	EndGlobalSection
EndGlobal
